
Microsoft Visual Studio Solution File, Format Version 12.00
# Visual Studio Version 16
VisualStudioVersion = 16.0.29418.71
MinimumVisualStudioVersion = 10.0.40219.1
Project("{FAE04EC0-301F-11D3-BF4B-00C04F79EFBC}") = "CallApiAndLogPracticeProject", "CallApiAndLogPracticeProject\CallApiAndLogPracticeProject.csproj", "{747B5BCC-05F2-4AE7-BC1F-12F885EF1A01}"
EndProject
Global
	GlobalSection(SolutionConfigurationPlatforms) = preSolution
		Debug|Any CPU = Debug|Any CPU
		Release|Any CPU = Release|Any CPU
	EndGlobalSection
	GlobalSection(ProjectConfigurationPlatforms) = postSolution
		{747B5BCC-05F2-4AE7-BC1F-12F885EF1A01}.Debug|Any CPU.ActiveCfg = Debug|Any CPU
		{747B5BCC-05F2-4AE7-BC1F-12F885EF1A01}.Debug|Any CPU.Build.0 = Debug|Any CPU
		{747B5BCC-05F2-4AE7-BC1F-12F885EF1A01}.Release|Any CPU.ActiveCfg = Release|Any CPU
		{747B5BCC-05F2-4AE7-BC1F-12F885EF1A01}.Release|Any CPU.Build.0 = Release|Any CPU
	EndGlobalSection
	GlobalSection(SolutionProperties) = preSolution
		HideSolutionNode = FALSE
	EndGlobalSection
	GlobalSection(ExtensibilityGlobals) = postSolution
		SolutionGuid = {1A97EA8B-8844-4052-A6B7-0FA10B9742D3}
	EndGlobalSection
EndGlobal
